
Microsoft Visual Studio Solution File, Format Version 12.00
# Visual Studio Version 16
VisualStudioVersion = 16.0.30011.22
MinimumVisualStudioVersion = 10.0.40219.1
Project("{FAE04EC0-301F-11D3-BF4B-00C04F79EFBC}") = "LawCheckTazminat.UWP", "LawCheckTazminat\LawCheckTazminat.UWP\LawCheckTazminat.UWP.csproj", "{ECA51532-CA8D-4B75-8F3B-19FBF6006AF4}"
EndProject
Project("{FAE04EC0-301F-11D3-BF4B-00C04F79EFBC}") = "LawCheckTazminat.Android", "LawCheckTazminat\LawCheckTazminat.Android\LawCheckTazminat.Android.csproj", "{E8B2A51F-7E5F-4DAA-970B-126450C94722}"
EndProject
Project("{FAE04EC0-301F-11D3-BF4B-00C04F79EFBC}") = "LawCheckTazminat.iOS", "LawCheckTazminat\LawCheckTazminat.iOS\LawCheckTazminat.iOS.csproj", "{C880915A-B3C9-423D-AE78-20670BA8F9DB}"
EndProject
Project("{9A19103F-16F7-4668-BE54-9A1E7A4F7556}") = "LawCheckTazminat", "LawCheckTazminat\LawCheckTazminat\LawCheckTazminat.csproj", "{F8715FF3-9920-407C-8268-FB8E2D5F8CD4}"
EndProject
Global
	GlobalSection(SolutionConfigurationPlatforms) = preSolution
		Debug|Any CPU = Debug|Any CPU
		Debug|ARM = Debug|ARM
		Debug|iPhone = Debug|iPhone
		Debug|iPhoneSimulator = Debug|iPhoneSimulator
		Debug|x64 = Debug|x64
		Debug|x86 = Debug|x86
		Release|Any CPU = Release|Any CPU
		Release|ARM = Release|ARM
		Release|iPhone = Release|iPhone
		Release|iPhoneSimulator = Release|iPhoneSimulator
		Release|x64 = Release|x64
		Release|x86 = Release|x86
	EndGlobalSection
	GlobalSection(ProjectConfigurationPlatforms) = postSolution
		{ECA51532-CA8D-4B75-8F3B-19FBF6006AF4}.Debug|Any CPU.ActiveCfg = Debug|x86
		{ECA51532-CA8D-4B75-8F3B-19FBF6006AF4}.Debug|Any CPU.Build.0 = Debug|x86
		{ECA51532-CA8D-4B75-8F3B-19FBF6006AF4}.Debug|Any CPU.Deploy.0 = Debug|x86
		{ECA51532-CA8D-4B75-8F3B-19FBF6006AF4}.Debug|ARM.ActiveCfg = Debug|ARM
		{ECA51532-CA8D-4B75-8F3B-19FBF6006AF4}.Debug|ARM.Build.0 = Debug|ARM
		{ECA51532-CA8D-4B75-8F3B-19FBF6006AF4}.Debug|ARM.Deploy.0 = Debug|ARM
		{ECA51532-CA8D-4B75-8F3B-19FBF6006AF4}.Debug|iPhone.ActiveCfg = Debug|x86
		{ECA51532-CA8D-4B75-8F3B-19FBF6006AF4}.Debug|iPhone.Build.0 = Debug|x86
		{ECA51532-CA8D-4B75-8F3B-19FBF6006AF4}.Debug|iPhone.Deploy.0 = Debug|x86
		{ECA51532-CA8D-4B75-8F3B-19FBF6006AF4}.Debug|iPhoneSimulator.ActiveCfg = Debug|x86
		{ECA51532-CA8D-4B75-8F3B-19FBF6006AF4}.Debug|iPhoneSimulator.Build.0 = Debug|x86
		{ECA51532-CA8D-4B75-8F3B-19FBF6006AF4}.Debug|iPhoneSimulator.Deploy.0 = Debug|x86
		{ECA51532-CA8D-4B75-8F3B-19FBF6006AF4}.Debug|x64.ActiveCfg = Debug|x64
		{ECA51532-CA8D-4B75-8F3B-19FBF6006AF4}.Debug|x64.Build.0 = Debug|x64
		{ECA51532-CA8D-4B75-8F3B-19FBF6006AF4}.Debug|x64.Deploy.0 = Debug|x64
		{ECA51532-CA8D-4B75-8F3B-19FBF6006AF4}.Debug|x86.ActiveCfg = Debug|x86
		{ECA51532-CA8D-4B75-8F3B-19FBF6006AF4}.Debug|x86.Build.0 = Debug|x86
		{ECA51532-CA8D-4B75-8F3B-19FBF6006AF4}.Debug|x86.Deploy.0 = Debug|x86
		{ECA51532-CA8D-4B75-8F3B-19FBF6006AF4}.Release|Any CPU.ActiveCfg = Release|x86
		{ECA51532-CA8D-4B75-8F3B-19FBF6006AF4}.Release|Any CPU.Build.0 = Release|x86
		{ECA51532-CA8D-4B75-8F3B-19FBF6006AF4}.Release|Any CPU.Deploy.0 = Release|x86
		{ECA51532-CA8D-4B75-8F3B-19FBF6006AF4}.Release|ARM.ActiveCfg = Release|ARM
		{ECA51532-CA8D-4B75-8F3B-19FBF6006AF4}.Release|ARM.Build.0 = Release|ARM
		{ECA51532-CA8D-4B75-8F3B-19FBF6006AF4}.Release|ARM.Deploy.0 = Release|ARM
		{ECA51532-CA8D-4B75-8F3B-19FBF6006AF4}.Release|iPhone.ActiveCfg = Release|x86
		{ECA51532-CA8D-4B75-8F3B-19FBF6006AF4}.Release|iPhone.Build.0 = Release|x86
		{ECA51532-CA8D-4B75-8F3B-19FBF6006AF4}.Release|iPhone.Deploy.0 = Release|x86
		{ECA51532-CA8D-4B75-8F3B-19FBF6006AF4}.Release|iPhoneSimulator.ActiveCfg = Release|x86
		{ECA51532-CA8D-4B75-8F3B-19FBF6006AF4}.Release|iPhoneSimulator.Build.0 = Release|x86
		{ECA51532-CA8D-4B75-8F3B-19FBF6006AF4}.Release|iPhoneSimulator.Deploy.0 = Release|x86
		{ECA51532-CA8D-4B75-8F3B-19FBF6006AF4}.Release|x64.ActiveCfg = Release|x64
		{ECA51532-CA8D-4B75-8F3B-19FBF6006AF4}.Release|x64.Build.0 = Release|x64
		{ECA51532-CA8D-4B75-8F3B-19FBF6006AF4}.Release|x64.Deploy.0 = Release|x64
		{ECA51532-CA8D-4B75-8F3B-19FBF6006AF4}.Release|x86.ActiveCfg = Release|x86
		{ECA51532-CA8D-4B75-8F3B-19FBF6006AF4}.Release|x86.Build.0 = Release|x86
		{ECA51532-CA8D-4B75-8F3B-19FBF6006AF4}.Release|x86.Deploy.0 = Release|x86
		{E8B2A51F-7E5F-4DAA-970B-126450C94722}.Debug|Any CPU.ActiveCfg = Debug|Any CPU
		{E8B2A51F-7E5F-4DAA-970B-126450C94722}.Debug|Any CPU.Build.0 = Debug|Any CPU
		{E8B2A51F-7E5F-4DAA-970B-126450C94722}.Debug|Any CPU.Deploy.0 = Debug|Any CPU
		{E8B2A51F-7E5F-4DAA-970B-126450C94722}.Debug|ARM.ActiveCfg = Debug|Any CPU
		{E8B2A51F-7E5F-4DAA-970B-126450C94722}.Debug|ARM.Build.0 = Debug|Any CPU
		{E8B2A51F-7E5F-4DAA-970B-126450C94722}.Debug|ARM.Deploy.0 = Debug|Any CPU
		{E8B2A51F-7E5F-4DAA-970B-126450C94722}.Debug|iPhone.ActiveCfg = Debug|Any CPU
		{E8B2A51F-7E5F-4DAA-970B-126450C94722}.Debug|iPhone.Build.0 = Debug|Any CPU
		{E8B2A51F-7E5F-4DAA-970B-126450C94722}.Debug|iPhone.Deploy.0 = Debug|Any CPU
		{E8B2A51F-7E5F-4DAA-970B-126450C94722}.Debug|iPhoneSimulator.ActiveCfg = Debug|Any CPU
		{E8B2A51F-7E5F-4DAA-970B-126450C94722}.Debug|iPhoneSimulator.Build.0 = Debug|Any CPU
		{E8B2A51F-7E5F-4DAA-970B-126450C94722}.Debug|iPhoneSimulator.Deploy.0 = Debug|Any CPU
		{E8B2A51F-7E5F-4DAA-970B-126450C94722}.Debug|x64.ActiveCfg = Debug|Any CPU
		{E8B2A51F-7E5F-4DAA-970B-126450C94722}.Debug|x64.Build.0 = Debug|Any CPU
		{E8B2A51F-7E5F-4DAA-970B-126450C94722}.Debug|x64.Deploy.0 = Debug|Any CPU
		{E8B2A51F-7E5F-4DAA-970B-126450C94722}.Debug|x86.ActiveCfg = Debug|Any CPU
		{E8B2A51F-7E5F-4DAA-970B-126450C94722}.Debug|x86.Build.0 = Debug|Any CPU
		{E8B2A51F-7E5F-4DAA-970B-126450C94722}.Debug|x86.Deploy.0 = Debug|Any CPU
		{E8B2A51F-7E5F-4DAA-970B-126450C94722}.Release|Any CPU.ActiveCfg = Release|Any CPU
		{E8B2A51F-7E5F-4DAA-970B-126450C94722}.Release|Any CPU.Build.0 = Release|Any CPU
		{E8B2A51F-7E5F-4DAA-970B-126450C94722}.Release|Any CPU.Deploy.0 = Release|Any CPU
		{E8B2A51F-7E5F-4DAA-970B-126450C94722}.Release|ARM.ActiveCfg = Release|Any CPU
		{E8B2A51F-7E5F-4DAA-970B-126450C94722}.Release|ARM.Build.0 = Release|Any CPU
		{E8B2A51F-7E5F-4DAA-970B-126450C94722}.Release|ARM.Deploy.0 = Release|Any CPU
		{E8B2A51F-7E5F-4DAA-970B-126450C94722}.Release|iPhone.ActiveCfg = Release|Any CPU
		{E8B2A51F-7E5F-4DAA-970B-126450C94722}.Release|iPhone.Build.0 = Release|Any CPU
		{E8B2A51F-7E5F-4DAA-970B-126450C94722}.Release|iPhone.Deploy.0 = Release|Any CPU
		{E8B2A51F-7E5F-4DAA-970B-126450C94722}.Release|iPhoneSimulator.ActiveCfg = Release|Any CPU
		{E8B2A51F-7E5F-4DAA-970B-126450C94722}.Release|iPhoneSimulator.Build.0 = Release|Any CPU
		{E8B2A51F-7E5F-4DAA-970B-126450C94722}.Release|iPhoneSimulator.Deploy.0 = Release|Any CPU
		{E8B2A51F-7E5F-4DAA-970B-126450C94722}.Release|x64.ActiveCfg = Release|Any CPU
		{E8B2A51F-7E5F-4DAA-970B-126450C94722}.Release|x64.Build.0 = Release|Any CPU
		{E8B2A51F-7E5F-4DAA-970B-126450C94722}.Release|x64.Deploy.0 = Release|Any CPU
		{E8B2A51F-7E5F-4DAA-970B-126450C94722}.Release|x86.ActiveCfg = Release|Any CPU
		{E8B2A51F-7E5F-4DAA-970B-126450C94722}.Release|x86.Build.0 = Release|Any CPU
		{E8B2A51F-7E5F-4DAA-970B-126450C94722}.Release|x86.Deploy.0 = Release|Any CPU
		{C880915A-B3C9-423D-AE78-20670BA8F9DB}.Debug|Any CPU.ActiveCfg = Debug|iPhone
		{C880915A-B3C9-423D-AE78-20670BA8F9DB}.Debug|Any CPU.Build.0 = Debug|iPhone
		{C880915A-B3C9-423D-AE78-20670BA8F9DB}.Debug|Any CPU.Deploy.0 = Debug|iPhone
		{C880915A-B3C9-423D-AE78-20670BA8F9DB}.Debug|ARM.ActiveCfg = Debug|iPhone
		{C880915A-B3C9-423D-AE78-20670BA8F9DB}.Debug|ARM.Build.0 = Debug|iPhone
		{C880915A-B3C9-423D-AE78-20670BA8F9DB}.Debug|ARM.Deploy.0 = Debug|iPhone
		{C880915A-B3C9-423D-AE78-20670BA8F9DB}.Debug|iPhone.ActiveCfg = Debug|iPhone
		{C880915A-B3C9-423D-AE78-20670BA8F9DB}.Debug|iPhone.Build.0 = Debug|iPhone
		{C880915A-B3C9-423D-AE78-20670BA8F9DB}.Debug|iPhone.Deploy.0 = Debug|iPhone
		{C880915A-B3C9-423D-AE78-20670BA8F9DB}.Debug|iPhoneSimulator.ActiveCfg = Debug|iPhoneSimulator
		{C880915A-B3C9-423D-AE78-20670BA8F9DB}.Debug|iPhoneSimulator.Build.0 = Debug|iPhoneSimulator
		{C880915A-B3C9-423D-AE78-20670BA8F9DB}.Debug|iPhoneSimulator.Deploy.0 = Debug|iPhoneSimulator
		{C880915A-B3C9-423D-AE78-20670BA8F9DB}.Debug|x64.ActiveCfg = Debug|iPhone
		{C880915A-B3C9-423D-AE78-20670BA8F9DB}.Debug|x64.Build.0 = Debug|iPhone
		{C880915A-B3C9-423D-AE78-20670BA8F9DB}.Debug|x64.Deploy.0 = Debug|iPhone
		{C880915A-B3C9-423D-AE78-20670BA8F9DB}.Debug|x86.ActiveCfg = Debug|iPhone
		{C880915A-B3C9-423D-AE78-20670BA8F9DB}.Debug|x86.Build.0 = Debug|iPhone
		{C880915A-B3C9-423D-AE78-20670BA8F9DB}.Debug|x86.Deploy.0 = Debug|iPhone
		{C880915A-B3C9-423D-AE78-20670BA8F9DB}.Release|Any CPU.ActiveCfg = Release|iPhone
		{C880915A-B3C9-423D-AE78-20670BA8F9DB}.Release|Any CPU.Build.0 = Release|iPhone
		{C880915A-B3C9-423D-AE78-20670BA8F9DB}.Release|Any CPU.Deploy.0 = Release|iPhone
		{C880915A-B3C9-423D-AE78-20670BA8F9DB}.Release|ARM.ActiveCfg = Release|iPhone
		{C880915A-B3C9-423D-AE78-20670BA8F9DB}.Release|ARM.Build.0 = Release|iPhone
		{C880915A-B3C9-423D-AE78-20670BA8F9DB}.Release|ARM.Deploy.0 = Release|iPhone
		{C880915A-B3C9-423D-AE78-20670BA8F9DB}.Release|iPhone.ActiveCfg = Release|iPhone
		{C880915A-B3C9-423D-AE78-20670BA8F9DB}.Release|iPhone.Build.0 = Release|iPhone
		{C880915A-B3C9-423D-AE78-20670BA8F9DB}.Release|iPhone.Deploy.0 = Release|iPhone
		{C880915A-B3C9-423D-AE78-20670BA8F9DB}.Release|iPhoneSimulator.ActiveCfg = Release|iPhoneSimulator
		{C880915A-B3C9-423D-AE78-20670BA8F9DB}.Release|iPhoneSimulator.Build.0 = Release|iPhoneSimulator
		{C880915A-B3C9-423D-AE78-20670BA8F9DB}.Release|iPhoneSimulator.Deploy.0 = Release|iPhoneSimulator
		{C880915A-B3C9-423D-AE78-20670BA8F9DB}.Release|x64.ActiveCfg = Release|iPhone
		{C880915A-B3C9-423D-AE78-20670BA8F9DB}.Release|x64.Build.0 = Release|iPhone
		{C880915A-B3C9-423D-AE78-20670BA8F9DB}.Release|x64.Deploy.0 = Release|iPhone
		{C880915A-B3C9-423D-AE78-20670BA8F9DB}.Release|x86.ActiveCfg = Release|iPhone
		{C880915A-B3C9-423D-AE78-20670BA8F9DB}.Release|x86.Build.0 = Release|iPhone
		{C880915A-B3C9-423D-AE78-20670BA8F9DB}.Release|x86.Deploy.0 = Release|iPhone
		{F8715FF3-9920-407C-8268-FB8E2D5F8CD4}.Debug|Any CPU.ActiveCfg = Debug|Any CPU
		{F8715FF3-9920-407C-8268-FB8E2D5F8CD4}.Debug|Any CPU.Build.0 = Debug|Any CPU
		{F8715FF3-9920-407C-8268-FB8E2D5F8CD4}.Debug|Any CPU.Deploy.0 = Debug|Any CPU
		{F8715FF3-9920-407C-8268-FB8E2D5F8CD4}.Debug|ARM.ActiveCfg = Debug|Any CPU
		{F8715FF3-9920-407C-8268-FB8E2D5F8CD4}.Debug|ARM.Build.0 = Debug|Any CPU
		{F8715FF3-9920-407C-8268-FB8E2D5F8CD4}.Debug|ARM.Deploy.0 = Debug|Any CPU
		{F8715FF3-9920-407C-8268-FB8E2D5F8CD4}.Debug|iPhone.ActiveCfg = Debug|Any CPU
		{F8715FF3-9920-407C-8268-FB8E2D5F8CD4}.Debug|iPhone.Build.0 = Debug|Any CPU
		{F8715FF3-9920-407C-8268-FB8E2D5F8CD4}.Debug|iPhone.Deploy.0 = Debug|Any CPU
		{F8715FF3-9920-407C-8268-FB8E2D5F8CD4}.Debug|iPhoneSimulator.ActiveCfg = Debug|Any CPU
		{F8715FF3-9920-407C-8268-FB8E2D5F8CD4}.Debug|iPhoneSimulator.Build.0 = Debug|Any CPU
		{F8715FF3-9920-407C-8268-FB8E2D5F8CD4}.Debug|iPhoneSimulator.Deploy.0 = Debug|Any CPU
		{F8715FF3-9920-407C-8268-FB8E2D5F8CD4}.Debug|x64.ActiveCfg = Debug|Any CPU
		{F8715FF3-9920-407C-8268-FB8E2D5F8CD4}.Debug|x64.Build.0 = Debug|Any CPU
		{F8715FF3-9920-407C-8268-FB8E2D5F8CD4}.Debug|x64.Deploy.0 = Debug|Any CPU
		{F8715FF3-9920-407C-8268-FB8E2D5F8CD4}.Debug|x86.ActiveCfg = Debug|Any CPU
		{F8715FF3-9920-407C-8268-FB8E2D5F8CD4}.Debug|x86.Build.0 = Debug|Any CPU
		{F8715FF3-9920-407C-8268-FB8E2D5F8CD4}.Debug|x86.Deploy.0 = Debug|Any CPU
		{F8715FF3-9920-407C-8268-FB8E2D5F8CD4}.Release|Any CPU.ActiveCfg = Release|Any CPU
		{F8715FF3-9920-407C-8268-FB8E2D5F8CD4}.Release|Any CPU.Build.0 = Release|Any CPU
		{F8715FF3-9920-407C-8268-FB8E2D5F8CD4}.Release|Any CPU.Deploy.0 = Release|Any CPU
		{F8715FF3-9920-407C-8268-FB8E2D5F8CD4}.Release|ARM.ActiveCfg = Release|Any CPU
		{F8715FF3-9920-407C-8268-FB8E2D5F8CD4}.Release|ARM.Build.0 = Release|Any CPU
		{F8715FF3-9920-407C-8268-FB8E2D5F8CD4}.Release|ARM.Deploy.0 = Release|Any CPU
		{F8715FF3-9920-407C-8268-FB8E2D5F8CD4}.Release|iPhone.ActiveCfg = Release|Any CPU
		{F8715FF3-9920-407C-8268-FB8E2D5F8CD4}.Release|iPhone.Build.0 = Release|Any CPU
		{F8715FF3-9920-407C-8268-FB8E2D5F8CD4}.Release|iPhone.Deploy.0 = Release|Any CPU
		{F8715FF3-9920-407C-8268-FB8E2D5F8CD4}.Release|iPhoneSimulator.ActiveCfg = Release|Any CPU
		{F8715FF3-9920-407C-8268-FB8E2D5F8CD4}.Release|iPhoneSimulator.Build.0 = Release|Any CPU
		{F8715FF3-9920-407C-8268-FB8E2D5F8CD4}.Release|iPhoneSimulator.Deploy.0 = Release|Any CPU
		{F8715FF3-9920-407C-8268-FB8E2D5F8CD4}.Release|x64.ActiveCfg = Release|Any CPU
		{F8715FF3-9920-407C-8268-FB8E2D5F8CD4}.Release|x64.Build.0 = Release|Any CPU
		{F8715FF3-9920-407C-8268-FB8E2D5F8CD4}.Release|x64.Deploy.0 = Release|Any CPU
		{F8715FF3-9920-407C-8268-FB8E2D5F8CD4}.Release|x86.ActiveCfg = Release|Any CPU
		{F8715FF3-9920-407C-8268-FB8E2D5F8CD4}.Release|x86.Build.0 = Release|Any CPU
		{F8715FF3-9920-407C-8268-FB8E2D5F8CD4}.Release|x86.Deploy.0 = Release|Any CPU
	EndGlobalSection
	GlobalSection(SolutionProperties) = preSolution
		HideSolutionNode = FALSE
	EndGlobalSection
	GlobalSection(ExtensibilityGlobals) = postSolution
		SolutionGuid = {A0507F9D-5AF1-4711-9DD2-C8F977135B55}
	EndGlobalSection
EndGlobal
